{
  "lockfileVersion": 1,
  "configVersion": 1,
  "workspaces": {
    "": {
      "name": "flatmmo-userscripts-workspace",
      "dependencies": {
        "effect": "^3.19.14",
        "oxc-parser": "^0.108.0",
      },
      "devDependencies": {
        "@types/bun": "^1.3.4",
        "@violentmonkey/types": "^0.3.1",
        "flatmmo-types": "workspace:*",
        "typescript": "^5.9.3",
      },
    },
    "packages/lib/flatmmo-types": {
      "name": "flatmmo-types",
      "version": "0.0.1",
    },
    "packages/userscripts/chat-space-fix": {
      "name": "chat-space-fix",
      "version": "1.0.0",
      "devDependencies": {
        "@violentmonkey/types": "^0.3.1",
        "flatmmo-types": "workspace:*",
      },
    },
    "packages/userscripts/hud-improved": {
      "name": "hud-improved",
      "version": "1.0.0",
      "devDependencies": {
        "@violentmonkey/types": "^0.3.1",
        "flatmmo-types": "workspace:*",
      },
    },
    "packages/userscripts/keybinds-improved": {
      "name": "keybinds-improved",
      "version": "1.0.0",
      "devDependencies": {
        "@violentmonkey/types": "^0.3.1",
        "flatmmo-types": "workspace:*",
      },
    },
  },
  "packages": {
    "@emnapi/core": ["@emnapi/core@1.8.1", "", { "dependencies": { "@emnapi/wasi-threads": "1.1.0", "tslib": "^2.4.0" } }, "sha512-AvT9QFpxK0Zd8J0jopedNm+w/2fIzvtPKPjqyw9jwvBaReTTqPBk9Hixaz7KbjimP+QNz605/XnjFcDAL2pqBg=="],

    "@emnapi/runtime": ["@emnapi/runtime@1.8.1", "", { "dependencies": { "tslib": "^2.4.0" } }, "sha512-mehfKSMWjjNol8659Z8KxEMrdSJDDot5SXMq00dM8BN4o+CLNXQ0xH2V7EchNHV4RmbZLmmPdEaXZc5H2FXmDg=="],

    "@emnapi/wasi-threads": ["@emnapi/wasi-threads@1.1.0", "", { "dependencies": { "tslib": "^2.4.0" } }, "sha512-WI0DdZ8xFSbgMjR1sFsKABJ/C5OnRrjT06JXbZKexJGrDuPTzZdDYfFlsgcCXCyf+suG5QU2e/y1Wo2V/OapLQ=="],

    "@napi-rs/wasm-runtime": ["@napi-rs/wasm-runtime@1.1.1", "", { "dependencies": { "@emnapi/core": "^1.7.1", "@emnapi/runtime": "^1.7.1", "@tybys/wasm-util": "^0.10.1" } }, "sha512-p64ah1M1ld8xjWv3qbvFwHiFVWrq1yFvV4f7w+mzaqiR4IlSgkqhcRdHwsGgomwzBH51sRY4NEowLxnaBjcW/A=="],

    "@oxc-parser/binding-android-arm-eabi": ["@oxc-parser/binding-android-arm-eabi@0.108.0", "", { "os": "android", "cpu": "arm" }, "sha512-TemaHZYErFqspRHfsGb1dvWICigOciP4xKlcBVvO8znkHzdJGWbtPwqQc5f1cfrdFynctXIzRQh3qizzQJMqpg=="],

    "@oxc-parser/binding-android-arm64": ["@oxc-parser/binding-android-arm64@0.108.0", "", { "os": "android", "cpu": "arm64" }, "sha512-dnsD8uS2FaqpTv+AKCN3iVSRiWvR0PsrSqJCy4Z4+E4YLTpD0Ui9IYFSeu1rZVxwJUnCXs4j56dvZ4LO2NUv7A=="],

    "@oxc-parser/binding-darwin-arm64": ["@oxc-parser/binding-darwin-arm64@0.108.0", "", { "os": "darwin", "cpu": "arm64" }, "sha512-EPKhTey/qzezNIRot95CUMLGmK6sn9bDWgdfWSYCUXv9AwJJNjc6klRf3bslQTN35fyFXz/EM6Z9gD45YXcj0g=="],

    "@oxc-parser/binding-darwin-x64": ["@oxc-parser/binding-darwin-x64@0.108.0", "", { "os": "darwin", "cpu": "x64" }, "sha512-vhBov136GRb03/v0FmcgC2voAfNv89vOeUs5I64yvWqc3EFI9/Ja2jp1+982RGp6+wfVUKSDTymUOkAS8STGDA=="],

    "@oxc-parser/binding-freebsd-x64": ["@oxc-parser/binding-freebsd-x64@0.108.0", "", { "os": "freebsd", "cpu": "x64" }, "sha512-TbFhRqPzck2IGmJBrD/+SWGIv3NaimcAZySmi9dqG7aiMyhbt/XOMVith6cmuoSWcZDrEJiBr7RNQ/aW7YhsDQ=="],

    "@oxc-parser/binding-linux-arm-gnueabihf": ["@oxc-parser/binding-linux-arm-gnueabihf@0.108.0", "", { "os": "linux", "cpu": "arm" }, "sha512-X8BRbNGAM8t4oLmgp9mANZhN/rLcBledr33BT9BpCJwcIjZbPxPlQHmj/JuM4Ww6wYNeWWpeZCCKp4uDQHE06A=="],

    "@oxc-parser/binding-linux-arm-musleabihf": ["@oxc-parser/binding-linux-arm-musleabihf@0.108.0", "", { "os": "linux", "cpu": "arm" }, "sha512-FtQwtAg/N/LqqSwSNsWu1TEywOETQwHXuHDYzIpa3DwvRPWYTlqLta6OPaXfAxqj5Iiy95GiZPf+dOb77mn5gQ=="],

    "@oxc-parser/binding-linux-arm64-gnu": ["@oxc-parser/binding-linux-arm64-gnu@0.108.0", "", { "os": "linux", "cpu": "arm64" }, "sha512-+oP0UaHHIKx/VtREFuB/m0EyZKKHt+8/LUL9hSdqakNByD9CFg2i1Fu98x+pAOPYn0C8WiTzJLoaClhLBJYKdA=="],

    "@oxc-parser/binding-linux-arm64-musl": ["@oxc-parser/binding-linux-arm64-musl@0.108.0", "", { "os": "linux", "cpu": "arm64" }, "sha512-s45g0+UDL7fR9z+WewuA0YEwZWJrpL+Nma4Xay20TGMnYnUsl7H5E0te+1ovLIeBMVK6CKUFg1A0AUqxaSagmg=="],

    "@oxc-parser/binding-linux-ppc64-gnu": ["@oxc-parser/binding-linux-ppc64-gnu@0.108.0", "", { "os": "linux", "cpu": "ppc64" }, "sha512-h4ExnKtDzlZy577LxVL0N7XOyyn+UUqmSCzz/HPk3RwPEEL1YXZFPEcW1tYqXZnSZmBfmGxw9svSeTJlH37czw=="],

    "@oxc-parser/binding-linux-riscv64-gnu": ["@oxc-parser/binding-linux-riscv64-gnu@0.108.0", "", { "os": "linux", "cpu": "none" }, "sha512-gi7fGSz6tiR8BIkN6JaQ0vjH6QGfAXB402lyKS6y5RcEBDnfrBAymYyjZJ3bQPV5rbev7YD/KzY0hJrNDQqUmQ=="],

    "@oxc-parser/binding-linux-riscv64-musl": ["@oxc-parser/binding-linux-riscv64-musl@0.108.0", "", { "os": "linux", "cpu": "none" }, "sha512-c44OgBdt3FE9P+OyboIYObg/2eejsor90wQM6A8fEZzi2CCJJzPeXEQDsdVIJBpSla5b2HkDeB5FJpEHyhMZyw=="],

    "@oxc-parser/binding-linux-s390x-gnu": ["@oxc-parser/binding-linux-s390x-gnu@0.108.0", "", { "os": "linux", "cpu": "s390x" }, "sha512-MMPAQSxaHwsDNMOc3b+RIcqSnQWWOVYCFl2nuOvz2OxA1MHA2xvkB2w8B6QxnM5r4ikA6d/yydpvOynNugnJoA=="],

    "@oxc-parser/binding-linux-x64-gnu": ["@oxc-parser/binding-linux-x64-gnu@0.108.0", "", { "os": "linux", "cpu": "x64" }, "sha512-uao/CmiUkSrfIF4WIT0c/mh+PqwIzux43/Q8NZvJrn4KLZaKR8veGPsJjUBN5igJerh+I5XJ4tjtYbFJV1So+A=="],

    "@oxc-parser/binding-linux-x64-musl": ["@oxc-parser/binding-linux-x64-musl@0.108.0", "", { "os": "linux", "cpu": "x64" }, "sha512-5TTi3ohehU+VLTbq3g8XYpyrjsmQHaaicOvVgOh+3QGWm3x0JLsYZ+Pa23oHj++dBbYnhYKB+O1KwOoNIibtVg=="],

    "@oxc-parser/binding-openharmony-arm64": ["@oxc-parser/binding-openharmony-arm64@0.108.0", "", { "os": "none", "cpu": "arm64" }, "sha512-YTNJnBoyVSNdGG9xmvfi8mzLDbHqlOKHrYzGvORFPFImBj3VYfQXEYJ2v2rp5eQ8B+wffPg+8+IE2GQLLQ2B2A=="],

    "@oxc-parser/binding-wasm32-wasi": ["@oxc-parser/binding-wasm32-wasi@0.108.0", "", { "dependencies": { "@napi-rs/wasm-runtime": "^1.1.1" }, "cpu": "none" }, "sha512-zzalhAJT9PA6HdXtzfcDOvP9nXN/vBLswPtPBR7bFTsjowIcclHSBi8aj34pbhDABcmJeFPdwe+o2o4Midv25Q=="],

    "@oxc-parser/binding-win32-arm64-msvc": ["@oxc-parser/binding-win32-arm64-msvc@0.108.0", "", { "os": "win32", "cpu": "arm64" }, "sha512-VZwk6B8MYzPrhrQLlfkMb3lXhLvOxf/mR5BG299EgqlHIu7/NS/KNCoX7cXtDdlghNmChfu/G6vEdjYOyyERgg=="],

    "@oxc-parser/binding-win32-ia32-msvc": ["@oxc-parser/binding-win32-ia32-msvc@0.108.0", "", { "os": "win32", "cpu": "ia32" }, "sha512-pjZlfs7k41Ui/tL9ibOn1wA3b6/ow7ugQBSPU8etQnUv5qTB+TxZLQvxtV0lJI4wVRSUuwM709ngrjctFtix0g=="],

    "@oxc-parser/binding-win32-x64-msvc": ["@oxc-parser/binding-win32-x64-msvc@0.108.0", "", { "os": "win32", "cpu": "x64" }, "sha512-3yUPthhhF6BelQKfuOiyFO5/MRYmuSc2fK6if/ft84D1sp8lX7hvuDl+/90owmls1N4rGGS/Jp9R5YlJXzQ8nQ=="],

    "@oxc-project/types": ["@oxc-project/types@0.108.0", "", {}, "sha512-7lf13b2IA/kZO6xgnIZA88sq3vwrxWk+2vxf6cc+omwYCRTiA5e63Beqf3fz/v8jEviChWWmFYBwzfSeyrsj7Q=="],

    "@standard-schema/spec": ["@standard-schema/spec@1.1.0", "", {}, "sha512-l2aFy5jALhniG5HgqrD6jXLi/rUWrKvqN/qJx6yoJsgKhblVd+iqqU4RCXavm/jPityDo5TCvKMnpjKnOriy0w=="],

    "@tybys/wasm-util": ["@tybys/wasm-util@0.10.1", "", { "dependencies": { "tslib": "^2.4.0" } }, "sha512-9tTaPJLSiejZKx+Bmog4uSubteqTvFrVrURwkmHixBo0G4seD0zUxp98E1DzUBJxLQ3NPwXrGKDiVjwx/DpPsg=="],

    "@types/bun": ["@types/bun@1.3.6", "", { "dependencies": { "bun-types": "1.3.6" } }, "sha512-uWCv6FO/8LcpREhenN1d1b6fcspAB+cefwD7uti8C8VffIv0Um08TKMn98FynpTiU38+y2dUO55T11NgDt8VAA=="],

    "@types/node": ["@types/node@25.0.9", "", { "dependencies": { "undici-types": "~7.16.0" } }, "sha512-/rpCXHlCWeqClNBwUhDcusJxXYDjZTyE8v5oTO7WbL8eij2nKhUeU89/6xgjU7N4/Vh3He0BtyhJdQbDyhiXAw=="],

    "@violentmonkey/types": ["@violentmonkey/types@0.3.2", "", { "dependencies": { "user-agent-data-types": "^0.4.2" } }, "sha512-SclmkQqyN22upcCsNYoRDh3Tco7YRGXHBThWOSl09YA3fk7DxSi1sKDfm0uVQc+g8wrjfykVxN3Ws7Jh+5ccIg=="],

    "bun-types": ["bun-types@1.3.6", "", { "dependencies": { "@types/node": "*" } }, "sha512-OlFwHcnNV99r//9v5IIOgQ9Uk37gZqrNMCcqEaExdkVq3Avwqok1bJFmvGMCkCE0FqzdY8VMOZpfpR3lwI+CsQ=="],

    "chat-space-fix": ["chat-space-fix@workspace:packages/userscripts/chat-space-fix"],

    "effect": ["effect@3.19.14", "", { "dependencies": { "@standard-schema/spec": "^1.0.0", "fast-check": "^3.23.1" } }, "sha512-3vwdq0zlvQOxXzXNKRIPKTqZNMyGCdaFUBfMPqpsyzZDre67kgC1EEHDV4EoQTovJ4w5fmJW756f86kkuz7WFA=="],

    "fast-check": ["fast-check@3.23.2", "", { "dependencies": { "pure-rand": "^6.1.0" } }, "sha512-h5+1OzzfCC3Ef7VbtKdcv7zsstUQwUDlYpUTvjeUsJAssPgLn7QzbboPtL5ro04Mq0rPOsMzl7q5hIbRs2wD1A=="],

    "flatmmo-types": ["flatmmo-types@workspace:packages/lib/flatmmo-types"],

    "hud-improved": ["hud-improved@workspace:packages/userscripts/hud-improved"],

    "keybinds-improved": ["keybinds-improved@workspace:packages/userscripts/keybinds-improved"],

    "oxc-parser": ["oxc-parser@0.108.0", "", { "dependencies": { "@oxc-project/types": "^0.108.0" }, "optionalDependencies": { "@oxc-parser/binding-android-arm-eabi": "0.108.0", "@oxc-parser/binding-android-arm64": "0.108.0", "@oxc-parser/binding-darwin-arm64": "0.108.0", "@oxc-parser/binding-darwin-x64": "0.108.0", "@oxc-parser/binding-freebsd-x64": "0.108.0", "@oxc-parser/binding-linux-arm-gnueabihf": "0.108.0", "@oxc-parser/binding-linux-arm-musleabihf": "0.108.0", "@oxc-parser/binding-linux-arm64-gnu": "0.108.0", "@oxc-parser/binding-linux-arm64-musl": "0.108.0", "@oxc-parser/binding-linux-ppc64-gnu": "0.108.0", "@oxc-parser/binding-linux-riscv64-gnu": "0.108.0", "@oxc-parser/binding-linux-riscv64-musl": "0.108.0", "@oxc-parser/binding-linux-s390x-gnu": "0.108.0", "@oxc-parser/binding-linux-x64-gnu": "0.108.0", "@oxc-parser/binding-linux-x64-musl": "0.108.0", "@oxc-parser/binding-openharmony-arm64": "0.108.0", "@oxc-parser/binding-wasm32-wasi": "0.108.0", "@oxc-parser/binding-win32-arm64-msvc": "0.108.0", "@oxc-parser/binding-win32-ia32-msvc": "0.108.0", "@oxc-parser/binding-win32-x64-msvc": "0.108.0" } }, "sha512-eM0GUxQgVZXZxB364HRlakUH8rBxh5E6dN+RiiCLtOk84WgLFbhydULyd2DUJYxguvcbjWUmmKgVDyvVCeplDA=="],

    "pure-rand": ["pure-rand@6.1.0", "", {}, "sha512-bVWawvoZoBYpp6yIoQtQXHZjmz35RSVHnUOTefl8Vcjr8snTPY1wnpSPMWekcFwbxI6gtmT7rSYPFvz71ldiOA=="],

    "tslib": ["tslib@2.8.1", "", {}, "sha512-oJFu94HQb+KVduSUQL7wnpmqnfmLsOA/nAh6b6EH0wCEoK0/mPeXU6c3wKDV83MkOuHPRHtSXKKU99IBazS/2w=="],

    "typescript": ["typescript@5.9.3", "", { "bin": { "tsc": "bin/tsc", "tsserver": "bin/tsserver" } }, "sha512-jl1vZzPDinLr9eUt3J/t7V6FgNEw9QjvBPdysz9KfQDD41fQrC2Y4vKQdiaUpFT4bXlb1RHhLpp8wtm6M5TgSw=="],

    "undici-types": ["undici-types@7.16.0", "", {}, "sha512-Zz+aZWSj8LE6zoxD+xrjh4VfkIG8Ya6LvYkZqtUQGJPZjYl53ypCaUwWqo7eI0x66KBGeRo+mlBEkMSeSZ38Nw=="],

    "user-agent-data-types": ["user-agent-data-types@0.4.2", "", {}, "sha512-jXep3kO/dGNmDOkbDa8ccp4QArgxR4I76m3QVcJ1aOF0B9toc+YtSXtX5gLdDTZXyWlpQYQrABr6L1L2GZOghw=="],
  }
}
